{
    "_readme": [
        "This file locks the dependencies of your project to a known state",
        "Read more about it at https://getcomposer.org/doc/01-basic-usage.md#composer-lock-the-lock-file",
        "This file is @generated automatically"
    ],
    "hash": "2553cf259bba1e3de3039f95fcd2d6c1",
    "content-hash": "e5ddeb20ac608e0a23099802e49edec5",
    "packages": [
        {
            "name": "cekurte/environment",
            "version": "v0.3.0",
            "source": {
                "type": "git",
                "url": "https://github.com/jpcercal/environment.git",
                "reference": "6be36b0585b1c856a86247e5d335063ba4f150f9"
            },
            "dist": {
                "type": "zip",
                "url": "https://api.github.com/repos/jpcercal/environment/zipball/6be36b0585b1c856a86247e5d335063ba4f150f9",
                "reference": "6be36b0585b1c856a86247e5d335063ba4f150f9",
                "shasum": ""
            },
            "require": {
                "php": ">=5.4"
            },
            "require-dev": {
                "cekurte/tdd": "^1.0.1",
                "phpunit/phpunit": "^4.8",
                "sensiolabs/security-checker": "^3.0",
                "squizlabs/php_codesniffer": "^2.3"
            },
            "type": "library",
            "autoload": {
                "psr-4": {
                    "Cekurte\\Environment\\": "src/"
                },
                "files": [
                    "src/env.php"
                ]
            },
            "notification-url": "https://packagist.org/downloads/",
            "license": [
                "MIT"
            ],
            "authors": [
                {
                    "name": "João Paulo Cercal",
                    "email": "jpcercal@gmail.com"
                }
            ],
            "description": "A library to get the values from environment variables and process to php data types",
            "keywords": [
                "config",
                "data",
                "env",
                "environment",
                "process",
                "types",
                "variables"
            ],
            "time": "2016-05-27 15:00:31"
        },
        {
            "name": "sendgrid/php-http-client",
            "version": "3.1.0",
            "source": {
                "type": "git",
                "url": "https://github.com/sendgrid/php-http-client.git",
                "reference": "01c3fc4b94df008cfe03ffb467d4c6dbe6dcfb2c"
            },
            "dist": {
                "type": "zip",
                "url": "https://api.github.com/repos/sendgrid/php-http-client/zipball/01c3fc4b94df008cfe03ffb467d4c6dbe6dcfb2c",
                "reference": "01c3fc4b94df008cfe03ffb467d4c6dbe6dcfb2c",
                "shasum": ""
            },
            "require": {
                "php": ">=5.3"
            },
            "require-dev": {
                "phpunit/phpunit": "~4.4",
                "squizlabs/php_codesniffer": "2.*"
            },
            "type": "library",
            "autoload": {
                "psr-0": {
                    "SendGrid": "lib/"
                }
            },
            "notification-url": "https://packagist.org/downloads/",
            "license": [
                "MIT"
            ],
            "authors": [
                {
                    "name": "Matt Bernier",
                    "email": "dx@sendgrid.com"
                },
                {
                    "name": "Elmer Thomas",
                    "email": "elmer@thinkingserious.com"
                }
            ],
            "description": "HTTP REST client, simplified for PHP",
            "homepage": "http://github.com/sendgrid/php-http-client",
            "keywords": [
                "api",
                "fluent",
                "http",
                "rest",
                "sendgrid"
            ],
            "time": "2016-06-11 00:47:24"
        },
        {
            "name": "sendgrid/sendgrid",
            "version": "5.0.7",
            "source": {
                "type": "git",
                "url": "https://github.com/sendgrid/sendgrid-php.git",
                "reference": "a8225a6ad17096f8b14aa5bacc726ed5bdf84c6b"
            },
            "dist": {
                "type": "zip",
                "url": "https://api.github.com/repos/sendgrid/sendgrid-php/zipball/a8225a6ad17096f8b14aa5bacc726ed5bdf84c6b",
                "reference": "a8225a6ad17096f8b14aa5bacc726ed5bdf84c6b",
                "shasum": ""
            },
            "require": {
                "php": ">=5.6",
                "sendgrid/php-http-client": "3.1.0"
            },
            "replace": {
                "sendgrid/sendgrid-php": "*"
            },
            "require-dev": {
                "phpunit/phpunit": "4.*",
                "squizlabs/php_codesniffer": "2.*"
            },
            "type": "library",
            "autoload": {
                "files": [
                    "lib/SendGrid.php",
                    "lib/helpers/mail/Mail.php"
                ]
            },
            "notification-url": "https://packagist.org/downloads/",
            "license": [
                "MIT"
            ],
            "description": "This library allows you to quickly and easily send emails through SendGrid using PHP.",
            "homepage": "http://github.com/sendgrid/sendgrid-php",
            "keywords": [
                "email",
                "grid",
                "send",
                "sendgrid"
            ],
            "time": "2016-07-26 04:30:57"
        }
    ],
    "packages-dev": [],
    "aliases": [],
    "minimum-stability": "stable",
    "stability-flags": [],
    "prefer-stable": false,
    "prefer-lowest": false,
    "platform": [],
    "platform-dev": []
}
